{
  "version": 4,
  "terraform_version": "1.2.2",
  "serial": 11,
  "lineage": "317e08dd-0731-1dff-01a4-9813dbe66068",
  "outputs": {},
  "resources": [
    {
      "mode": "managed",
      "type": "aiven_kafka",
      "name": "kafka-cluster",
      "provider": "provider[\"registry.terraform.io/aiven/aiven\"]",
      "instances": [
        {
          "schema_version": 0,
          "attributes": {
            "cloud_name": "aws-us-east-1",
            "components": [
              {
                "component": "kafka",
                "host": "kafka-service-gabriel-sandbox.aivencloud.com",
                "kafka_authentication_method": "",
                "port": 28387,
                "route": "dynamic",
                "ssl": false,
                "usage": "primary"
              },
              {
                "component": "kafka",
                "host": "kafka-service-gabriel-sandbox.aivencloud.com",
                "kafka_authentication_method": "",
                "port": 28398,
                "route": "dynamic",
                "ssl": false,
                "usage": "primary"
              },
              {
                "component": "kafka_rest",
                "host": "kafka-service-gabriel-sandbox.aivencloud.com",
                "kafka_authentication_method": "",
                "port": 28389,
                "route": "dynamic",
                "ssl": false,
                "usage": "primary"
              },
              {
                "component": "kafka_rest",
                "host": "public-kafka-service-gabriel-sandbox.aivencloud.com",
                "kafka_authentication_method": "",
                "port": 28389,
                "route": "public",
                "ssl": false,
                "usage": "primary"
              },
              {
                "component": "schema_registry",
                "host": "kafka-service-gabriel-sandbox.aivencloud.com",
                "kafka_authentication_method": "",
                "port": 28390,
                "route": "dynamic",
                "ssl": false,
                "usage": "primary"
              }
            ],
            "default_acl": true,
            "disk_space": null,
            "disk_space_cap": "0B",
            "disk_space_default": "90GiB",
            "disk_space_step": "0B",
            "disk_space_used": "90GiB",
            "id": "gabriel-sandbox/kafka-service",
            "kafka": [
              {
                "access_cert": "-----BEGIN CERTIFICATE-----\nMIIEPzCCAqegAwIBAgIUaE2uwqIr6fJIS7C1QxHyp6VVdRcwDQYJKoZIhvcNAQEM\nBQAwOjE4MDYGA1UEAwwvYjcyNTZkZmEtNzUzYi00ZWQyLWE4NTEtNTViMWJkODAy\nZmZlIFByb2plY3QgQ0EwHhcNMjIwNjE0MjAzNDQxWhcNMjQwOTExMjAzNDQxWjA+\nMRYwFAYDVQQKDA1rYWZrYS1zZXJ2aWNlMREwDwYDVQQLDAh1M2M4bzFnMDERMA8G\nA1UEAwwIYXZuYWRtaW4wggGiMA0GCSqGSIb3DQEBAQUAA4IBjwAwggGKAoIBgQDO\nz60RNwOBS1IsT5KmenaXw9CDU+ZUwHF2Yk5WuDd4hWFeY2SuszKVyPwWe0Lj79Y9\ny0VaKapwnp50cbSWgX0RwRfFWFnh9Ms9Q/e9zs2TCEGbcXpvMqlZbcpDRfncnpMd\nsZc3d5QhcI/ufU86FMDSonz6sMmUVSOaWEhPNEFdoY9XIbKtvNrenqk6FhdS0Z96\nzgHEf5UMlo5m8qBl+CfI70z6rsIBP5qXXWcnBF2niHm2z9Z0zG6eVP4e1FQB49Dk\nQNTMpk+XefZDrk+T9fNRmOT/cQezr+i7swES8BsqpxP8Zfhql2iNugPRziiGGWWU\n9dC2NNhX8cW/XpGafHeFAyVWuCGKz54kwcbDvE8rdW7OIAhRkBq6WvyQlPeAcJbb\ns3huwV4watr6vITJl2DuYekdkosPBCi2G8K8I7ydvK9zj82EWDnlA64UHsRh6DI8\nlXYkvMayce4DF2BYyeimYJH+r+OYd90dD8Iu9CCXz1H3ZF6aqyX50Zpy8eWQMQkC\nAwEAAaM5MDcwHQYDVR0OBBYEFDD+m3cds1pAvujlfl6iXO76iKl0MAkGA1UdEwQC\nMAAwCwYDVR0PBAQDAgWgMA0GCSqGSIb3DQEBDAUAA4IBgQCh5BaND4fk2r4AeCGE\n2OGQJFkfVr37sZ6BbZFGhMuYnI78wSGKoDEIpu4O6wBXBYH/IZ4BZmV2mqjR5Tb6\nIhpCONnyz9tIzMlIGSlDHiztc2MZr21lvMHmxZMVyug40XrFLRP1RXwT09I7n8Ku\nUczap/9WGRaQ2sUysSoRl2bHoH5N3HgFSPKB9hlnbjQAG9EOI7enx5wCF/ShrRmr\nwm+lktJRHgdiDxAFzHPJ9wIoHVHYFMz0ym0zvWnS/L563ay5POvijZJIvCE9t3UM\nINaSCwWbk3xeG6iBfcofMXHxfPzOfqWdwa92KxUvzjSgDyIuc/Q07x+UM291ZZVQ\ncDhylZy9Tw8eNaWQjCW7BCR8D5DHwkThOPaAIRvvnO0ajSC1oewJ3eTRj9JlDO09\nMawsfP9cXQn8JqEzqA2wjqTFXPeXtUn2tS08tn89UWy2HWGs/+0wN7WIigWlH921\nEVaIB8g9qoAt4RFz4/VvgXddl2pyZCnF5JrHdCuv/FfHmtM=\n-----END CERTIFICATE-----\n",
                "access_key": "-----BEGIN PRIVATE KEY-----\nMIIG/QIBADANBgkqhkiG9w0BAQEFAASCBucwggbjAgEAAoIBgQDOz60RNwOBS1Is\nT5KmenaXw9CDU+ZUwHF2Yk5WuDd4hWFeY2SuszKVyPwWe0Lj79Y9y0VaKapwnp50\ncbSWgX0RwRfFWFnh9Ms9Q/e9zs2TCEGbcXpvMqlZbcpDRfncnpMdsZc3d5QhcI/u\nfU86FMDSonz6sMmUVSOaWEhPNEFdoY9XIbKtvNrenqk6FhdS0Z96zgHEf5UMlo5m\n8qBl+CfI70z6rsIBP5qXXWcnBF2niHm2z9Z0zG6eVP4e1FQB49DkQNTMpk+XefZD\nrk+T9fNRmOT/cQezr+i7swES8BsqpxP8Zfhql2iNugPRziiGGWWU9dC2NNhX8cW/\nXpGafHeFAyVWuCGKz54kwcbDvE8rdW7OIAhRkBq6WvyQlPeAcJbbs3huwV4watr6\nvITJl2DuYekdkosPBCi2G8K8I7ydvK9zj82EWDnlA64UHsRh6DI8lXYkvMayce4D\nF2BYyeimYJH+r+OYd90dD8Iu9CCXz1H3ZF6aqyX50Zpy8eWQMQkCAwEAAQKCAYBS\nJP0aHF7hCTjfbs/SHkxipZ15vGZ9fV7T5eI14b/uuBPfuNzx4y2Rfx5aE6WTAd13\n9/hZArm3N9m6aLuRGGfEGI1HjntNG71qXUfW9YCECUB97In0BwxrAAfZxr6jGb1X\niwWEO5Pz4FDbKpzAdiPMxkucC4JVz6dvk+dMxnW8KgLUWgctqRjKWfzfnIyxEaAl\n2BOtp/tc36Q6Ud7SAcpTrnFGFQnsEwZlXu0s+zfz5mpp6Y3GILlDXID/X9jqU0Eb\nsDVreMlg9/G/NUXj08fVv09B+b1ob5UmO0cLbloNZ1Xt1hXf5319gD/7T2iAWhGT\nmSlOl8mh3ANYiwjOl7J9bph1qtQ/jOmLe5UyJfEtqtS5qqTA0ugjpw48yUi5GgOY\n666eaKqEvHVQN4b8C2tNM44xUgSkYLkE/yoMq2Ch6DJA7h2HPq32nnqHxF5//zbI\n7i2UTw71XPbDwjjkdCgr8qSYR78JnXChZ4MZuhSEY7ku+bzyzTtWLPpPlHKrTYEC\ngcEA7o8SDCWeehimm4J1eZBcZrd6DpaoCkTayxMx4n5lFN2RnGeFUx33tZC4fVRF\napkAvuOAhOqaNvWKw4ghwKNkXJwDKdRzpGQ12oK3sa8sd4gmBk8+LeZACTIQSmjR\nbLwSHvzoAL0VVVBCsbWgCFrvEoJkpUlG1C+vFLw5Nk3MjHEk92pR6//A1s9orIAH\nd5ELONvktZOxwZX5TDz5Z/ajM9qFdDUnr7K5nZ9qjoSJQTImzjdtUxypUwOF5TBH\n9PhxAoHBAN3uaJpX1M5qk/chuLbYncbYhHzlMpbApcaHWTBVBP03iJk145uEhTOk\nyk5+MkvuNLCsfQ9DD7Q4URYIZvbdSH0Ym02srRmJjw2vRdnWG9UZK+bZcxmbMQXh\nrHC9lchOowScIj5x3s6p30X61adCaS3GkErFOFOFSM4gu+0GLrhLkaIiGGHArSpJ\ndnxpOehJsPNo8MEp2yjRX3Cxx46tXP1tSldbUdnqVwMXRtjJD/j/ZikY/8Af+eES\nJkAOjsnOGQKBwBvqaA091bap7c0izgZkqztl2wWcAZv6BLRg0aSUb9WqO+DWiFZ6\nmkMH5V7dHqZjsx+jVaW4IkWuJAfPhUuakyL3KrOZZdLl2xtv0nkba5OtPe3dFgSe\n/f1Ve2yJqYAU3fX8WFXFyppKIxPSkiCIK5O56HcjBQPNdKpzgCpnnjkNAGtnaKC6\nM+GvMauF69nFAlAsAy5wUwu5NgwC0pik1uI5fwZjNfqsamYUgo6c2cbkTIAzIjro\njrPlJKT2KmVzMQKBwC3T1jvQ2TvKnEVS7E6til8ORMV5mqmwnErTliI53C7hsc5Z\nZ2esxMi2RaRRwNcXGEBHTgfBxFNlsbDICWL+rMJQO3mdp5z3X9fmkpj58oNdkEg6\nLN9jwYrCYBZjv7M+McF48EVOxECOqXFM66N/PjLapt8ZvJjak/8kmUnHlgwuZqNB\nQSGmZNuvkcz8+Z0y4lxRFi39E6lpGrktrNSUjfgzAj/ptow2LMORoeqQEkFLk+/2\nnpEwySul0Mo3d1rKuQKBwQDWBcBaRliJ8cIfWHaEdpND5pl1iuhltilZw4JpBmP1\nOSk5BtMNTcRvwdkCakx9M4GnE0h47cadmmGebzhaNzbtnWGOj84Be/EeyeCWhU4N\nV1zKEunk5E9hJUtV7ck/1Zq2KoeOZQN/WffE59jZDBvPQj3ZUCHe1dHcbT+JPhhP\nfM5D1vSBWhvRJGcZdxWvG8wMnUpMLljEFuKYZIpI+CVEJexV18l8N8fz4nh6iaOF\njFyV5ICkSsjytDLGW2EOtAY=\n-----END PRIVATE KEY-----\n",
                "connect_uri": "",
                "rest_uri": "https://avnadmin:AVNS_v7-02UtICOqv7DMk2jp@kafka-service-gabriel-sandbox.aivencloud.com:28389",
                "schema_registry_uri": "https://avnadmin:AVNS_v7-02UtICOqv7DMk2jp@kafka-service-gabriel-sandbox.aivencloud.com:28390"
              }
            ],
            "kafka_user_config": [
              {
                "custom_domain": "",
                "ip_filter": [
                  "0.0.0.0/0"
                ],
                "kafka": [
                  {
                    "auto_create_topics_enable": "",
                    "compression_type": "",
                    "connections_max_idle_ms": "",
                    "default_replication_factor": "",
                    "group_initial_rebalance_delay_ms": "",
                    "group_max_session_timeout_ms": "70000",
                    "group_min_session_timeout_ms": "",
                    "log_cleaner_delete_retention_ms": "",
                    "log_cleaner_max_compaction_lag_ms": "",
                    "log_cleaner_min_cleanable_ratio": "",
                    "log_cleaner_min_compaction_lag_ms": "",
                    "log_cleanup_policy": "",
                    "log_flush_interval_messages": "",
                    "log_flush_interval_ms": "",
                    "log_index_interval_bytes": "",
                    "log_index_size_max_bytes": "",
                    "log_message_downconversion_enable": "",
                    "log_message_timestamp_difference_max_ms": "",
                    "log_message_timestamp_type": "",
                    "log_preallocate": "",
                    "log_retention_bytes": "1000000000",
                    "log_retention_hours": "",
                    "log_retention_ms": "",
                    "log_roll_jitter_ms": "",
                    "log_roll_ms": "",
                    "log_segment_bytes": "",
                    "log_segment_delete_delay_ms": "",
                    "max_connections_per_ip": "",
                    "max_incremental_fetch_session_cache_slots": "",
                    "message_max_bytes": "",
                    "min_insync_replicas": "",
                    "num_partitions": "",
                    "offsets_retention_minutes": "",
                    "producer_purgatory_purge_interval_requests": "",
                    "replica_fetch_max_bytes": "",
                    "replica_fetch_response_max_bytes": "",
                    "socket_request_max_bytes": "",
                    "transaction_remove_expired_transaction_cleanup_interval_ms": "",
                    "transaction_state_log_segment_bytes": ""
                  }
                ],
                "kafka_authentication_methods": [
                  {
                    "certificate": "true",
                    "sasl": "true"
                  }
                ],
                "kafka_connect": "false",
                "kafka_connect_config": [],
                "kafka_rest": "true",
                "kafka_rest_config": [],
                "kafka_version": "3.1",
                "private_access": [],
                "privatelink_access": [],
                "public_access": [
                  {
                    "kafka": "",
                    "kafka_connect": "",
                    "kafka_rest": "true",
                    "prometheus": "",
                    "schema_registry": ""
                  }
                ],
                "schema_registry": "true",
                "schema_registry_config": [],
                "static_ips": ""
              }
            ],
            "karapace": true,
            "maintenance_window_dow": "monday",
            "maintenance_window_time": "10:00:00",
            "plan": "startup-2",
            "project": "gabriel-sandbox",
            "project_vpc_id": null,
            "service_host": "kafka-service-gabriel-sandbox.aivencloud.com",
            "service_integrations": [],
            "service_name": "kafka-service",
            "service_password": "AVNS_v7-02UtICOqv7DMk2jp",
            "service_port": 28387,
            "service_type": "kafka",
            "service_uri": "kafka-service-gabriel-sandbox.aivencloud.com:28387",
            "service_username": "avnadmin",
            "state": "RUNNING",
            "static_ips": [],
            "termination_protection": false,
            "timeouts": null
          },
          "sensitive_attributes": [],
          "private": "eyJlMmJmYjczMC1lY2FhLTExZTYtOGY4OC0zNDM2M2JjN2M0YzAiOnsiY3JlYXRlIjoxMjAwMDAwMDAwMDAwLCJkZWxldGUiOjEyMDAwMDAwMDAwMDAsInVwZGF0ZSI6MTIwMDAwMDAwMDAwMH19"
        }
      ]
    },
    {
      "mode": "managed",
      "type": "aiven_kafka_acl",
      "name": "mytestacl",
      "provider": "provider[\"registry.terraform.io/aiven/aiven\"]",
      "instances": [
        {
          "schema_version": 0,
          "attributes": {
            "id": "gabriel-sandbox/kafka-service/acl3bce80fedb6",
            "permission": "admin",
            "project": "gabriel-sandbox",
            "service_name": "kafka-service",
            "topic": "dev.*",
            "username": "dev"
          },
          "sensitive_attributes": [],
          "private": "bnVsbA==",
          "dependencies": [
            "aiven_kafka.kafka-cluster"
          ]
        }
      ]
    },
    {
      "mode": "managed",
      "type": "aiven_kafka_schema",
      "name": "kafka-schema1",
      "provider": "provider[\"registry.terraform.io/aiven/aiven\"]",
      "instances": [
        {
          "schema_version": 0,
          "attributes": {
            "compatibility_level": "FORWARD",
            "id": "gabriel-sandbox/kafka-service/kafka-schema1",
            "project": "gabriel-sandbox",
            "schema": "{\"doc\": \"Sample schema to help you get started.\", \"fields\": [{\"doc\": \"The id of the order.\", \"name\": \"orderId\", \"type\": \"int\"}, {\"doc\": \"Timestamp of the order.\", \"name\": \"orderTime\", \"type\": \"int\"}, {\"doc\": \"The address of the order.\", \"name\": \"orderAddress\", \"type\": \"string\"}], \"name\": \"sampleRecord\", \"namespace\": \"com.mycorp.mynamespace\", \"type\": \"record\"}",
            "service_name": "kafka-service",
            "subject_name": "kafka-schema1",
            "version": 1
          },
          "sensitive_attributes": [],
          "private": "bnVsbA==",
          "dependencies": [
            "aiven_kafka.kafka-cluster"
          ]
        }
      ]
    },
    {
      "mode": "managed",
      "type": "aiven_kafka_topic",
      "name": "mytesttopic",
      "provider": "provider[\"registry.terraform.io/aiven/aiven\"]",
      "instances": [
        {
          "schema_version": 0,
          "attributes": {
            "cleanup_policy": null,
            "config": [
              {
                "cleanup_policy": "compact,delete",
                "compression_type": "producer",
                "delete_retention_ms": "86400000",
                "file_delete_delay_ms": "60000",
                "flush_messages": "9223372036854775807",
                "flush_ms": "10",
                "index_interval_bytes": "4096",
                "max_compaction_lag_ms": "9223372036854775807",
                "max_message_bytes": "1048588",
                "message_downconversion_enable": "true",
                "message_format_version": "3.0-IV1",
                "message_timestamp_difference_max_ms": "9223372036854775807",
                "message_timestamp_type": "CreateTime",
                "min_cleanable_dirty_ratio": "0.5",
                "min_compaction_lag_ms": "0",
                "min_insync_replicas": "1",
                "preallocate": "false",
                "retention_bytes": "1000000000",
                "retention_ms": "604800000",
                "segment_bytes": "209715200",
                "segment_index_bytes": "10485760",
                "segment_jitter_ms": "0",
                "segment_ms": "604800000",
                "unclean_leader_election_enable": "true"
              }
            ],
            "id": "gabriel-sandbox/kafka-service/dev.marketing",
            "minimum_in_sync_replicas": null,
            "partitions": 3,
            "project": "gabriel-sandbox",
            "replication": 3,
            "retention_bytes": null,
            "retention_hours": null,
            "service_name": "kafka-service",
            "tag": [],
            "termination_protection": true,
            "timeouts": {
              "create": "1m",
              "delete": null,
              "read": "5m"
            },
            "topic_name": "dev.marketing"
          },
          "sensitive_attributes": [],
          "private": "eyJlMmJmYjczMC1lY2FhLTExZTYtOGY4OC0zNDM2M2JjN2M0YzAiOnsiY3JlYXRlIjo2MDAwMDAwMDAwMCwiZGVsZXRlIjoxMjAwMDAwMDAwMDAsInJlYWQiOjMwMDAwMDAwMDAwMH19",
          "dependencies": [
            "aiven_kafka.kafka-cluster"
          ]
        }
      ]
    },
    {
      "mode": "managed",
      "type": "aiven_service_user",
      "name": "myserviceuser",
      "provider": "provider[\"registry.terraform.io/aiven/aiven\"]",
      "instances": [
        {
          "schema_version": 0,
          "attributes": {
            "access_cert": "-----BEGIN CERTIFICATE-----\nMIIERTCCAq2gAwIBAgIUQnGpqx7KacPBZXzcslauf9J80kwwDQYJKoZIhvcNAQEM\nBQAwOjE4MDYGA1UEAwwvYjcyNTZkZmEtNzUzYi00ZWQyLWE4NTEtNTViMWJkODAy\nZmZlIFByb2plY3QgQ0EwHhcNMjIwNjE0MjA0NjA3WhcNMjQwOTExMjA0NjA3WjBE\nMRYwFAYDVQQKDA1rYWZrYS1zZXJ2aWNlMREwDwYDVQQLDAh1NmUzYTVrNzEXMBUG\nA1UEAwwOZGV2LnNhLmdhYnJpZWwwggGiMA0GCSqGSIb3DQEBAQUAA4IBjwAwggGK\nAoIBgQCsuRQInNLv55vyvQDD8H9GLbcm+UIhZN5B9f+drtpR5p3AZ1K5YoI+Rd5Q\nYIpGStwHKhN/qNv9ohHPrnWn9gVkUpBS6RKSOKy+k2KGVeC8ysDgheQDLz43MBH7\nE0Nz1XknBqTABBSBO2uWTE7IiIMjBajMmQkBTnyy2yILkYPIvC/gssI1JndRMmqf\n8gP6te8k4O8ybXwnaqMglsHwW/nqfq39ZHgw+npcFh8NtfgOQSD1DOk7fa5tL47h\n8T9RGpmoszCs0/IG5/pKTCYFp9RFtuCW3+pUo7bAHo6VfMxDatXc6to9ks2Bx7Vt\ngiJmMfHep6uI2FvfunObKoaHtJ0bCna2VEZbRrnFVVjaaUZdCxZwe0B/4eI3nvVX\n/JDJ6xtG/x9ldH+9xOhjaWR2fTTS22XTqg++LwMDhpnFkxHiCRe3K5RNt74d7yLi\nA4IrsUUDpUwpAP3jWEYOufCio+iAgG9dMXQK6YdHzcVvHAhZfAcbCOfjN2novGRK\n2Snr+1cCAwEAAaM5MDcwHQYDVR0OBBYEFEd4o+UMEORXj7JyZI5A3uY4tVbZMAkG\nA1UdEwQCMAAwCwYDVR0PBAQDAgWgMA0GCSqGSIb3DQEBDAUAA4IBgQCCLvboUbq9\nVVc/O0cgCtPfoNCKjs69lxsxBgrD8DxKzfq8I5nQ81hkhXyOu+5ikZ3riwqqpEdF\nVibQn5bMhUC3sd2jphCOajnoUjYxyIEdQnT3gwWrftuVlyi8K3Cxdcqn+WiKsbf0\nBCFhjExqw/OMJMRCWn3GrKHAYiJHzKAtOCUncg2h5gk5ixB9ZZ6/lffRgAzn+UAX\nC3fhbz7N2sLM6dhphjkyQpKAI2sVNWDcx7M8Dw63xiyA6c1XFXViCg3OwkRKNhA2\n8i0SvQRxro2RZ0g4/X0GT0O6jtX2cB/1jZTI1O3FiapZN0p73N5jtBvlHotHaGMY\n94MBaVWVDegJPV7bbTX9VJiowSVpqOpYGOEu01Dcb5mnKEI773Sivki1ShraSfVl\n3KvFR3DGndfdq4cpvbojp5xaspoERatjzc9GpU62vzSPjkUZvrljrRkdoCEL2Xli\nTRLvXm+cLkYATZTgPl9yNf7xme1AaVz00nvTbnDuc2Y20nJC2M6xK34=\n-----END CERTIFICATE-----\n",
            "access_key": "-----BEGIN PRIVATE KEY-----\nMIIG/AIBADANBgkqhkiG9w0BAQEFAASCBuYwggbiAgEAAoIBgQCsuRQInNLv55vy\nvQDD8H9GLbcm+UIhZN5B9f+drtpR5p3AZ1K5YoI+Rd5QYIpGStwHKhN/qNv9ohHP\nrnWn9gVkUpBS6RKSOKy+k2KGVeC8ysDgheQDLz43MBH7E0Nz1XknBqTABBSBO2uW\nTE7IiIMjBajMmQkBTnyy2yILkYPIvC/gssI1JndRMmqf8gP6te8k4O8ybXwnaqMg\nlsHwW/nqfq39ZHgw+npcFh8NtfgOQSD1DOk7fa5tL47h8T9RGpmoszCs0/IG5/pK\nTCYFp9RFtuCW3+pUo7bAHo6VfMxDatXc6to9ks2Bx7VtgiJmMfHep6uI2FvfunOb\nKoaHtJ0bCna2VEZbRrnFVVjaaUZdCxZwe0B/4eI3nvVX/JDJ6xtG/x9ldH+9xOhj\naWR2fTTS22XTqg++LwMDhpnFkxHiCRe3K5RNt74d7yLiA4IrsUUDpUwpAP3jWEYO\nufCio+iAgG9dMXQK6YdHzcVvHAhZfAcbCOfjN2novGRK2Snr+1cCAwEAAQKCAYBA\nIeBsaj5wUaE3+jGkj1HSrvrIf9isKZXVDBBDbj8mFekRHcw7hXYyxSKM2au9+eHE\nzzy6M+qrPFg8styA5vqNi5KHFn+Mx3pssLDujEiMEQSY2V4WSJ5jQ3gJr9dl1SfM\n88yMd3ddnMCP5/mAwB9hC6LnhRMw5wGqL29uuDMkf6uPVRCDR6sZ/QxWIziTCKap\nHNPz928X+6JiYVfVdXFQPoVABuQR248/Tf9tydk3AbvJAWhAbKQtanE1N6x44tT6\n3rZif1aoxjgoNc3Nd0zjkGn8e2vcoreTRm6jRVIBf4L6yAjz6ZId/fVaNnuKaHYA\nTFoj2dTY8QtvBwUWmSflKoyZUBKmhWltNw4cVSc7XNfyC/rIkRlWtvr8itpGi51k\nYsnBi736fyYi3KCwwEtN3YRcTXmPWAVKWjFRjmE7/MEBVerScoWoDjNDO2aeNFmC\nicWkPDEdFHutJ8U2hIKz8Z/vvCWoFX+USgaSMVvOQ5azmvK8VB2v4fOmLqdar5EC\ngcEA26l6SVyPpfbi1XVEIJrN3A9xp3XyOlyUEovPmis/JrqPvjccQ4nSuAXVGkLi\nSd73C6rzcGxeGWdRQ4fziZfaiU3dIaUQWqZKB8bGzyU0GjwypHqIThDC/Fhp7VVJ\nFafQH5ryZ27zOT6yvt95GFUGuVnVxPg1kbNz1TrsXS3xpxtb0XJ8P2Hhov+lfTWv\nO5VkJAhuvcEcf/sXwFuJno7MH6EXiV/xdlz8t0x5koSmf+sTfcOIwvbmDXObRwFg\nCG8jAoHBAMlLxDhw/zFGlyr3bpROip9LLOaP5s6Goi8DsUQ0D12E/RBtDHq8A1sw\nSGPJYlAq/50JG30Z3OFXhxVlDO0sEoUWMWO8ssQ3/ez6KGKMupRnCoXq6a0YMqdm\nQXw5VbPSeZcdVLE1QLTHgz10BVwAHkvpGcpgvhN4SpW3F7pqBSBKng+a4My86qfL\nn3be7naMMhoB+9fs8g9VF+ba7/c1ZSx/xz5jQ5/mEn0L9yEUNzRnjgSlkLR+mwBM\nY1iHH8iAPQKBwASEo+NGaB39ygSh+NjC1mEkYC4VmvngVZtcDNUa9p2RUMuUzpwF\nBbSLSirUHVtvnp060u8JC5ZyLZW6AiReXzxbwaSjhIaYzQUD7artFPlFK7V+X7db\nWOdf2i3rhylO3lUIFtxRx+bxhzOt3QvHE/BUDLWUdWWdz1AfeiUggMvzIBxawnt7\nQ+zaXUkKBaSwGfMzyTNV+YQYYhCu0VHVlhVAdv94XbsVho0uoYGGAPa4mxoHH5UD\nBxBXxGXdfWAvCQKBwBlUnnmXxpU109oFTvX8uDb5Z8oPu7Srfoc6CLmTb4eOL6Y8\ngsCDHk0AU2uzMNrzvjzNo5bnhUMaF5aao7jIvf/fXhG18iz8+sgyZpiYKvZ3zPwz\nJnqwu9cS6BSwxlcdmk1o1HqEQAM/xAUcr3v3S9izmZo8+E5M6d3TL3o20zRQD3nZ\nPIanE0RQPF3iCdIDLF7XdxCh8Yf6ZkqXrHDIWFX0MmdoaF8bvaHcupmACL5gdZ+i\nEgaUk/7CnhHK1zYM5QKBwBFERvJ4Blg3y+qc6TLU1KsIRpKCXeHeYNKBxcd1vpEi\nmP680euRKQgU+c4g4k070z8XjbEd1SH/6FCTtBUSFlAhttOUflAYQTfjEd+JmQV2\nXVgQ4XiXIStC0i6q7E82CNvb81MmT+INK6ZfCByKrmRqiUBKjSWSfvDYIfWIaeJA\n+qAdPcwxvJ3P6ku3VY7sAfZpyu6QQflcUDYMp6/c/S9eE3fYSHcnaSCx6axN1Z3H\nkOXm0rZlasSd2vzAzDFunw==\n-----END PRIVATE KEY-----\n",
            "authentication": null,
            "id": "gabriel-sandbox/kafka-service/dev.sa.gabriel",
            "password": "AVNS_67yEMRZJW2IRBNkzPPY",
            "pg_allow_replication": false,
            "project": "gabriel-sandbox",
            "redis_acl_categories": [],
            "redis_acl_channels": [],
            "redis_acl_commands": [],
            "redis_acl_keys": [],
            "service_name": "kafka-service",
            "type": "normal",
            "username": "dev.sa.gabriel"
          },
          "sensitive_attributes": [],
          "private": "bnVsbA==",
          "dependencies": [
            "aiven_kafka.kafka-cluster"
          ]
        }
      ]
    }
  ]
}
